{
  "version": 4,
  "terraform_version": "1.13.5",
  "serial": 2,
  "lineage": "870334b4-bb94-5db3-b61a-392dacde3245",
  "outputs": {
    "timestamp": {
      "value": "2025-11-27T11:39:28Z",
      "type": "string"
    }
  },
  "resources": [
    {
      "mode": "managed",
      "type": "time_rotating",
      "name": "example",
      "provider": "provider[\"registry.terraform.io/hashicorp/time\"]",
      "instances": [
        {
          "schema_version": 0,
          "attributes": {
            "day": 27,
            "hour": 11,
            "id": "2025-11-20T11:39:28Z",
            "minute": 39,
            "month": 11,
            "rfc3339": "2025-11-20T11:39:28Z",
            "rotation_days": 7,
            "rotation_hours": null,
            "rotation_minutes": null,
            "rotation_months": null,
            "rotation_rfc3339": "2025-11-27T11:39:28Z",
            "rotation_years": null,
            "second": 28,
            "triggers": null,
            "unix": 1764243568,
            "year": 2025
          },
          "sensitive_attributes": [],
          "identity_schema_version": 0
        }
      ]
    }
  ],
  "check_results": null
}
